
Microsoft Visual Studio Solution File, Format Version 12.00
# Visual Studio Version 17
VisualStudioVersion = 17.8.34330.188
MinimumVisualStudioVersion = 10.0.40219.1
Project("{9A19103F-16F7-4668-BE54-9A1E7A4F7556}") = "BusinessObjects", "BusinessObjects\BusinessObjects.csproj", "{7E84098A-0BF2-48F8-A7E9-6849CF6E8B22}"
EndProject
Project("{9A19103F-16F7-4668-BE54-9A1E7A4F7556}") = "Repositories", "Repositories\Repositories.csproj", "{062DAE49-9DC4-49B7-B024-21563B886D2F}"
EndProject
Project("{9A19103F-16F7-4668-BE54-9A1E7A4F7556}") = "DataAccess", "DataAccess\DataAccess.csproj", "{60B40405-FC43-4DA1-8099-77B3806BB6E5}"
EndProject
Project("{9A19103F-16F7-4668-BE54-9A1E7A4F7556}") = "ProjectManagementAPI", "ProjectMangementAPI\ProjectManagementAPI.csproj", "{3945D835-81CC-4D85-A0B3-F1E0E5D3A6E4}"
EndProject
Project("{9A19103F-16F7-4668-BE54-9A1E7A4F7556}") = "ProductManagementWebClient", "ProductManagementWebClient\ProductManagementWebClient.csproj", "{BE14F913-3682-4D74-ACEC-C4FD5500397A}"
EndProject
Global
	GlobalSection(SolutionConfigurationPlatforms) = preSolution
		Debug|Any CPU = Debug|Any CPU
		Release|Any CPU = Release|Any CPU
	EndGlobalSection
	GlobalSection(ProjectConfigurationPlatforms) = postSolution
		{7E84098A-0BF2-48F8-A7E9-6849CF6E8B22}.Debug|Any CPU.ActiveCfg = Debug|Any CPU
		{7E84098A-0BF2-48F8-A7E9-6849CF6E8B22}.Debug|Any CPU.Build.0 = Debug|Any CPU
		{7E84098A-0BF2-48F8-A7E9-6849CF6E8B22}.Release|Any CPU.ActiveCfg = Release|Any CPU
		{7E84098A-0BF2-48F8-A7E9-6849CF6E8B22}.Release|Any CPU.Build.0 = Release|Any CPU
		{062DAE49-9DC4-49B7-B024-21563B886D2F}.Debug|Any CPU.ActiveCfg = Debug|Any CPU
		{062DAE49-9DC4-49B7-B024-21563B886D2F}.Debug|Any CPU.Build.0 = Debug|Any CPU
		{062DAE49-9DC4-49B7-B024-21563B886D2F}.Release|Any CPU.ActiveCfg = Release|Any CPU
		{062DAE49-9DC4-49B7-B024-21563B886D2F}.Release|Any CPU.Build.0 = Release|Any CPU
		{60B40405-FC43-4DA1-8099-77B3806BB6E5}.Debug|Any CPU.ActiveCfg = Debug|Any CPU
		{60B40405-FC43-4DA1-8099-77B3806BB6E5}.Debug|Any CPU.Build.0 = Debug|Any CPU
		{60B40405-FC43-4DA1-8099-77B3806BB6E5}.Release|Any CPU.ActiveCfg = Release|Any CPU
		{60B40405-FC43-4DA1-8099-77B3806BB6E5}.Release|Any CPU.Build.0 = Release|Any CPU
		{3945D835-81CC-4D85-A0B3-F1E0E5D3A6E4}.Debug|Any CPU.ActiveCfg = Debug|Any CPU
		{3945D835-81CC-4D85-A0B3-F1E0E5D3A6E4}.Debug|Any CPU.Build.0 = Debug|Any CPU
		{3945D835-81CC-4D85-A0B3-F1E0E5D3A6E4}.Release|Any CPU.ActiveCfg = Release|Any CPU
		{3945D835-81CC-4D85-A0B3-F1E0E5D3A6E4}.Release|Any CPU.Build.0 = Release|Any CPU
		{BE14F913-3682-4D74-ACEC-C4FD5500397A}.Debug|Any CPU.ActiveCfg = Debug|Any CPU
		{BE14F913-3682-4D74-ACEC-C4FD5500397A}.Debug|Any CPU.Build.0 = Debug|Any CPU
		{BE14F913-3682-4D74-ACEC-C4FD5500397A}.Release|Any CPU.ActiveCfg = Release|Any CPU
		{BE14F913-3682-4D74-ACEC-C4FD5500397A}.Release|Any CPU.Build.0 = Release|Any CPU
	EndGlobalSection
	GlobalSection(SolutionProperties) = preSolution
		HideSolutionNode = FALSE
	EndGlobalSection
	GlobalSection(ExtensibilityGlobals) = postSolution
		SolutionGuid = {83918E8C-8C45-4D9C-AD9F-E4E5C1A0650F}
	EndGlobalSection
EndGlobal
